
Microsoft Visual Studio Solution File, Format Version 12.00
# Visual Studio Version 17
VisualStudioVersion = 17.1.32407.343
MinimumVisualStudioVersion = 10.0.40219.1
Project("{9A19103F-16F7-4668-BE54-9A1E7A4F7556}") = "MySolution.Module", "MySolution.Module\MySolution.Module.csproj", "{07666B5D-CE35-4771-808B-2C39143FE197}"
EndProject
Project("{9A19103F-16F7-4668-BE54-9A1E7A4F7556}") = "MySolution.Module.Blazor", "MySolution.Module.Blazor\MySolution.Module.Blazor.csproj", "{F38FA96B-ECE4-4B64-86C6-1BA174FAAC6F}"
EndProject
Project("{9A19103F-16F7-4668-BE54-9A1E7A4F7556}") = "MySolution.Blazor.Server", "MySolution.Blazor.Server\MySolution.Blazor.Server.csproj", "{74F0EE31-E994-4445-ADC1-0422F694E86F}"
EndProject
Global
	GlobalSection(SolutionConfigurationPlatforms) = preSolution
		Debug|Any CPU = Debug|Any CPU
		EasyTest|Any CPU = EasyTest|Any CPU
		Release|Any CPU = Release|Any CPU
	EndGlobalSection
	GlobalSection(ProjectConfigurationPlatforms) = postSolution
		{07666B5D-CE35-4771-808B-2C39143FE197}.Debug|Any CPU.ActiveCfg = Debug|Any CPU
		{07666B5D-CE35-4771-808B-2C39143FE197}.Debug|Any CPU.Build.0 = Debug|Any CPU
		{07666B5D-CE35-4771-808B-2C39143FE197}.EasyTest|Any CPU.ActiveCfg = EasyTest|Any CPU
		{07666B5D-CE35-4771-808B-2C39143FE197}.EasyTest|Any CPU.Build.0 = EasyTest|Any CPU
		{07666B5D-CE35-4771-808B-2C39143FE197}.Release|Any CPU.ActiveCfg = Release|Any CPU
		{07666B5D-CE35-4771-808B-2C39143FE197}.Release|Any CPU.Build.0 = Release|Any CPU
		{F38FA96B-ECE4-4B64-86C6-1BA174FAAC6F}.Debug|Any CPU.ActiveCfg = Debug|Any CPU
		{F38FA96B-ECE4-4B64-86C6-1BA174FAAC6F}.Debug|Any CPU.Build.0 = Debug|Any CPU
		{F38FA96B-ECE4-4B64-86C6-1BA174FAAC6F}.EasyTest|Any CPU.ActiveCfg = EasyTest|Any CPU
		{F38FA96B-ECE4-4B64-86C6-1BA174FAAC6F}.EasyTest|Any CPU.Build.0 = EasyTest|Any CPU
		{F38FA96B-ECE4-4B64-86C6-1BA174FAAC6F}.Release|Any CPU.ActiveCfg = Release|Any CPU
		{F38FA96B-ECE4-4B64-86C6-1BA174FAAC6F}.Release|Any CPU.Build.0 = Release|Any CPU
		{74F0EE31-E994-4445-ADC1-0422F694E86F}.Debug|Any CPU.ActiveCfg = Debug|Any CPU
		{74F0EE31-E994-4445-ADC1-0422F694E86F}.Debug|Any CPU.Build.0 = Debug|Any CPU
		{74F0EE31-E994-4445-ADC1-0422F694E86F}.EasyTest|Any CPU.ActiveCfg = EasyTest|Any CPU
		{74F0EE31-E994-4445-ADC1-0422F694E86F}.EasyTest|Any CPU.Build.0 = EasyTest|Any CPU
		{74F0EE31-E994-4445-ADC1-0422F694E86F}.Release|Any CPU.ActiveCfg = Release|Any CPU
		{74F0EE31-E994-4445-ADC1-0422F694E86F}.Release|Any CPU.Build.0 = Release|Any CPU
	EndGlobalSection
	GlobalSection(SolutionProperties) = preSolution
		HideSolutionNode = FALSE
	EndGlobalSection
	GlobalSection(ExtensibilityGlobals) = postSolution
		SolutionGuid = {D22E79A2-2A73-4F9D-936E-5F9CF3CAFE51}
	EndGlobalSection
EndGlobal
